
Microsoft Visual Studio Solution File, Format Version 12.00
# Visual Studio Version 17
VisualStudioVersion = 17.8.34330.188
MinimumVisualStudioVersion = 10.0.40219.1
Project("{8BC9CEB8-8B4A-11D0-8D11-00A0C91BC942}") = "Program", "Program.vcxproj", "{C7760C64-D630-437C-9E2D-D57CF8BBC2AB}"
EndProject
Project("{8BC9CEB8-8B4A-11D0-8D11-00A0C91BC942}") = "Class1st (Variable)", "..\Class1st (Variable)\Class1st (Variable).vcxproj", "{C787CD16-A211-461B-ADAB-4BBA9576C678}"
EndProject
Project("{8BC9CEB8-8B4A-11D0-8D11-00A0C91BC942}") = "Class2nd (Constant)", "..\Class2nd (Constant)\Class2nd (Constant).vcxproj", "{A93CEB96-28A5-4FFA-9065-085BC808A028}"
EndProject
Project("{8BC9CEB8-8B4A-11D0-8D11-00A0C91BC942}") = "Class3rd (Bit)", "..\Class3rd (Bit)\Class3rd (Bit).vcxproj", "{61EAB098-09DF-4F36-A2E4-4C4EA14476ED}"
EndProject
Project("{8BC9CEB8-8B4A-11D0-8D11-00A0C91BC942}") = "Class4th (Overflow & Underflow)", "..\Class4th (Overflow & Underflow)\Class4th (Overflow & Underflow).vcxproj", "{B981E78C-FDAD-4C1D-B511-701CFE23B7E1}"
EndProject
Project("{8BC9CEB8-8B4A-11D0-8D11-00A0C91BC942}") = "Class5th (Conditional Statement)", "..\Class5th (Conditional Statement)\Class5th (Conditional Statement).vcxproj", "{746FD5A2-A30B-4E58-9760-6CF39D9D8FBD}"
EndProject
Project("{8BC9CEB8-8B4A-11D0-8D11-00A0C91BC942}") = "Class6th(Iteration Statement)", "..\Class6th(Iteration Statement)\Class6th(Iteration Statement).vcxproj", "{89ACED47-94D2-4497-93C4-BC51586BCB42}"
EndProject
Project("{8BC9CEB8-8B4A-11D0-8D11-00A0C91BC942}") = "Class7th(Type Conversion)", "..\Class7th(Type Conversion)\Class7th(Type Conversion).vcxproj", "{A74A8A0C-2A0B-424C-9770-C90AAD9B6023}"
EndProject
Project("{8BC9CEB8-8B4A-11D0-8D11-00A0C91BC942}") = "Class8th(Pointer)", "..\Class8th(Pointer)\Class8th(Pointer).vcxproj", "{FC842CB9-AFE7-4A06-9EEE-7A234F364D54}"
EndProject
Project("{8BC9CEB8-8B4A-11D0-8D11-00A0C91BC942}") = "Class9th (Arrangement)", "..\Class9th (Arrangement)\Class9th (Arrangement).vcxproj", "{E7610ED4-2AD9-44AA-949F-A19494593DEA}"
EndProject
Project("{8BC9CEB8-8B4A-11D0-8D11-00A0C91BC942}") = "Class10th (String)", "..\Class10th (String)\Class10th (String).vcxproj", "{958469E7-8AAD-496F-BA44-85C7828E740D}"
EndProject
Project("{8BC9CEB8-8B4A-11D0-8D11-00A0C91BC942}") = "Class11th(Function)", "..\Class11th(Function)\Class11th(Function).vcxproj", "{EAFB1BEA-7624-46F0-9014-2FEEEE890CD9}"
EndProject
Global
	GlobalSection(SolutionConfigurationPlatforms) = preSolution
		Debug|x64 = Debug|x64
		Debug|x86 = Debug|x86
		Release|x64 = Release|x64
		Release|x86 = Release|x86
	EndGlobalSection
	GlobalSection(ProjectConfigurationPlatforms) = postSolution
		{C7760C64-D630-437C-9E2D-D57CF8BBC2AB}.Debug|x64.ActiveCfg = Debug|x64
		{C7760C64-D630-437C-9E2D-D57CF8BBC2AB}.Debug|x64.Build.0 = Debug|x64
		{C7760C64-D630-437C-9E2D-D57CF8BBC2AB}.Debug|x86.ActiveCfg = Debug|Win32
		{C7760C64-D630-437C-9E2D-D57CF8BBC2AB}.Debug|x86.Build.0 = Debug|Win32
		{C7760C64-D630-437C-9E2D-D57CF8BBC2AB}.Release|x64.ActiveCfg = Release|x64
		{C7760C64-D630-437C-9E2D-D57CF8BBC2AB}.Release|x64.Build.0 = Release|x64
		{C7760C64-D630-437C-9E2D-D57CF8BBC2AB}.Release|x86.ActiveCfg = Release|Win32
		{C7760C64-D630-437C-9E2D-D57CF8BBC2AB}.Release|x86.Build.0 = Release|Win32
		{C787CD16-A211-461B-ADAB-4BBA9576C678}.Debug|x64.ActiveCfg = Debug|x64
		{C787CD16-A211-461B-ADAB-4BBA9576C678}.Debug|x64.Build.0 = Debug|x64
		{C787CD16-A211-461B-ADAB-4BBA9576C678}.Debug|x86.ActiveCfg = Debug|Win32
		{C787CD16-A211-461B-ADAB-4BBA9576C678}.Debug|x86.Build.0 = Debug|Win32
		{C787CD16-A211-461B-ADAB-4BBA9576C678}.Release|x64.ActiveCfg = Release|x64
		{C787CD16-A211-461B-ADAB-4BBA9576C678}.Release|x64.Build.0 = Release|x64
		{C787CD16-A211-461B-ADAB-4BBA9576C678}.Release|x86.ActiveCfg = Release|Win32
		{C787CD16-A211-461B-ADAB-4BBA9576C678}.Release|x86.Build.0 = Release|Win32
		{A93CEB96-28A5-4FFA-9065-085BC808A028}.Debug|x64.ActiveCfg = Debug|x64
		{A93CEB96-28A5-4FFA-9065-085BC808A028}.Debug|x64.Build.0 = Debug|x64
		{A93CEB96-28A5-4FFA-9065-085BC808A028}.Debug|x86.ActiveCfg = Debug|Win32
		{A93CEB96-28A5-4FFA-9065-085BC808A028}.Debug|x86.Build.0 = Debug|Win32
		{A93CEB96-28A5-4FFA-9065-085BC808A028}.Release|x64.ActiveCfg = Release|x64
		{A93CEB96-28A5-4FFA-9065-085BC808A028}.Release|x64.Build.0 = Release|x64
		{A93CEB96-28A5-4FFA-9065-085BC808A028}.Release|x86.ActiveCfg = Release|Win32
		{A93CEB96-28A5-4FFA-9065-085BC808A028}.Release|x86.Build.0 = Release|Win32
		{61EAB098-09DF-4F36-A2E4-4C4EA14476ED}.Debug|x64.ActiveCfg = Debug|x64
		{61EAB098-09DF-4F36-A2E4-4C4EA14476ED}.Debug|x64.Build.0 = Debug|x64
		{61EAB098-09DF-4F36-A2E4-4C4EA14476ED}.Debug|x86.ActiveCfg = Debug|Win32
		{61EAB098-09DF-4F36-A2E4-4C4EA14476ED}.Debug|x86.Build.0 = Debug|Win32
		{61EAB098-09DF-4F36-A2E4-4C4EA14476ED}.Release|x64.ActiveCfg = Release|x64
		{61EAB098-09DF-4F36-A2E4-4C4EA14476ED}.Release|x64.Build.0 = Release|x64
		{61EAB098-09DF-4F36-A2E4-4C4EA14476ED}.Release|x86.ActiveCfg = Release|Win32
		{61EAB098-09DF-4F36-A2E4-4C4EA14476ED}.Release|x86.Build.0 = Release|Win32
		{B981E78C-FDAD-4C1D-B511-701CFE23B7E1}.Debug|x64.ActiveCfg = Debug|x64
		{B981E78C-FDAD-4C1D-B511-701CFE23B7E1}.Debug|x64.Build.0 = Debug|x64
		{B981E78C-FDAD-4C1D-B511-701CFE23B7E1}.Debug|x86.ActiveCfg = Debug|Win32
		{B981E78C-FDAD-4C1D-B511-701CFE23B7E1}.Debug|x86.Build.0 = Debug|Win32
		{B981E78C-FDAD-4C1D-B511-701CFE23B7E1}.Release|x64.ActiveCfg = Release|x64
		{B981E78C-FDAD-4C1D-B511-701CFE23B7E1}.Release|x64.Build.0 = Release|x64
		{B981E78C-FDAD-4C1D-B511-701CFE23B7E1}.Release|x86.ActiveCfg = Release|Win32
		{B981E78C-FDAD-4C1D-B511-701CFE23B7E1}.Release|x86.Build.0 = Release|Win32
		{746FD5A2-A30B-4E58-9760-6CF39D9D8FBD}.Debug|x64.ActiveCfg = Debug|x64
		{746FD5A2-A30B-4E58-9760-6CF39D9D8FBD}.Debug|x64.Build.0 = Debug|x64
		{746FD5A2-A30B-4E58-9760-6CF39D9D8FBD}.Debug|x86.ActiveCfg = Debug|Win32
		{746FD5A2-A30B-4E58-9760-6CF39D9D8FBD}.Debug|x86.Build.0 = Debug|Win32
		{746FD5A2-A30B-4E58-9760-6CF39D9D8FBD}.Release|x64.ActiveCfg = Release|x64
		{746FD5A2-A30B-4E58-9760-6CF39D9D8FBD}.Release|x64.Build.0 = Release|x64
		{746FD5A2-A30B-4E58-9760-6CF39D9D8FBD}.Release|x86.ActiveCfg = Release|Win32
		{746FD5A2-A30B-4E58-9760-6CF39D9D8FBD}.Release|x86.Build.0 = Release|Win32
		{89ACED47-94D2-4497-93C4-BC51586BCB42}.Debug|x64.ActiveCfg = Debug|x64
		{89ACED47-94D2-4497-93C4-BC51586BCB42}.Debug|x64.Build.0 = Debug|x64
		{89ACED47-94D2-4497-93C4-BC51586BCB42}.Debug|x86.ActiveCfg = Debug|Win32
		{89ACED47-94D2-4497-93C4-BC51586BCB42}.Debug|x86.Build.0 = Debug|Win32
		{89ACED47-94D2-4497-93C4-BC51586BCB42}.Release|x64.ActiveCfg = Release|x64
		{89ACED47-94D2-4497-93C4-BC51586BCB42}.Release|x64.Build.0 = Release|x64
		{89ACED47-94D2-4497-93C4-BC51586BCB42}.Release|x86.ActiveCfg = Release|Win32
		{89ACED47-94D2-4497-93C4-BC51586BCB42}.Release|x86.Build.0 = Release|Win32
		{A74A8A0C-2A0B-424C-9770-C90AAD9B6023}.Debug|x64.ActiveCfg = Debug|x64
		{A74A8A0C-2A0B-424C-9770-C90AAD9B6023}.Debug|x64.Build.0 = Debug|x64
		{A74A8A0C-2A0B-424C-9770-C90AAD9B6023}.Debug|x86.ActiveCfg = Debug|Win32
		{A74A8A0C-2A0B-424C-9770-C90AAD9B6023}.Debug|x86.Build.0 = Debug|Win32
		{A74A8A0C-2A0B-424C-9770-C90AAD9B6023}.Release|x64.ActiveCfg = Release|x64
		{A74A8A0C-2A0B-424C-9770-C90AAD9B6023}.Release|x64.Build.0 = Release|x64
		{A74A8A0C-2A0B-424C-9770-C90AAD9B6023}.Release|x86.ActiveCfg = Release|Win32
		{A74A8A0C-2A0B-424C-9770-C90AAD9B6023}.Release|x86.Build.0 = Release|Win32
		{FC842CB9-AFE7-4A06-9EEE-7A234F364D54}.Debug|x64.ActiveCfg = Debug|x64
		{FC842CB9-AFE7-4A06-9EEE-7A234F364D54}.Debug|x64.Build.0 = Debug|x64
		{FC842CB9-AFE7-4A06-9EEE-7A234F364D54}.Debug|x86.ActiveCfg = Debug|Win32
		{FC842CB9-AFE7-4A06-9EEE-7A234F364D54}.Debug|x86.Build.0 = Debug|Win32
		{FC842CB9-AFE7-4A06-9EEE-7A234F364D54}.Release|x64.ActiveCfg = Release|x64
		{FC842CB9-AFE7-4A06-9EEE-7A234F364D54}.Release|x64.Build.0 = Release|x64
		{FC842CB9-AFE7-4A06-9EEE-7A234F364D54}.Release|x86.ActiveCfg = Release|Win32
		{FC842CB9-AFE7-4A06-9EEE-7A234F364D54}.Release|x86.Build.0 = Release|Win32
		{E7610ED4-2AD9-44AA-949F-A19494593DEA}.Debug|x64.ActiveCfg = Debug|x64
		{E7610ED4-2AD9-44AA-949F-A19494593DEA}.Debug|x64.Build.0 = Debug|x64
		{E7610ED4-2AD9-44AA-949F-A19494593DEA}.Debug|x86.ActiveCfg = Debug|Win32
		{E7610ED4-2AD9-44AA-949F-A19494593DEA}.Debug|x86.Build.0 = Debug|Win32
		{E7610ED4-2AD9-44AA-949F-A19494593DEA}.Release|x64.ActiveCfg = Release|x64
		{E7610ED4-2AD9-44AA-949F-A19494593DEA}.Release|x64.Build.0 = Release|x64
		{E7610ED4-2AD9-44AA-949F-A19494593DEA}.Release|x86.ActiveCfg = Release|Win32
		{E7610ED4-2AD9-44AA-949F-A19494593DEA}.Release|x86.Build.0 = Release|Win32
		{958469E7-8AAD-496F-BA44-85C7828E740D}.Debug|x64.ActiveCfg = Debug|x64
		{958469E7-8AAD-496F-BA44-85C7828E740D}.Debug|x64.Build.0 = Debug|x64
		{958469E7-8AAD-496F-BA44-85C7828E740D}.Debug|x86.ActiveCfg = Debug|Win32
		{958469E7-8AAD-496F-BA44-85C7828E740D}.Debug|x86.Build.0 = Debug|Win32
		{958469E7-8AAD-496F-BA44-85C7828E740D}.Release|x64.ActiveCfg = Release|x64
		{958469E7-8AAD-496F-BA44-85C7828E740D}.Release|x64.Build.0 = Release|x64
		{958469E7-8AAD-496F-BA44-85C7828E740D}.Release|x86.ActiveCfg = Release|Win32
		{958469E7-8AAD-496F-BA44-85C7828E740D}.Release|x86.Build.0 = Release|Win32
		{EAFB1BEA-7624-46F0-9014-2FEEEE890CD9}.Debug|x64.ActiveCfg = Debug|x64
		{EAFB1BEA-7624-46F0-9014-2FEEEE890CD9}.Debug|x64.Build.0 = Debug|x64
		{EAFB1BEA-7624-46F0-9014-2FEEEE890CD9}.Debug|x86.ActiveCfg = Debug|Win32
		{EAFB1BEA-7624-46F0-9014-2FEEEE890CD9}.Debug|x86.Build.0 = Debug|Win32
		{EAFB1BEA-7624-46F0-9014-2FEEEE890CD9}.Release|x64.ActiveCfg = Release|x64
		{EAFB1BEA-7624-46F0-9014-2FEEEE890CD9}.Release|x64.Build.0 = Release|x64
		{EAFB1BEA-7624-46F0-9014-2FEEEE890CD9}.Release|x86.ActiveCfg = Release|Win32
		{EAFB1BEA-7624-46F0-9014-2FEEEE890CD9}.Release|x86.Build.0 = Release|Win32
	EndGlobalSection
	GlobalSection(SolutionProperties) = preSolution
		HideSolutionNode = FALSE
	EndGlobalSection
	GlobalSection(ExtensibilityGlobals) = postSolution
		SolutionGuid = {DBA4BFC3-DE19-4A8F-AD55-8914F134B77F}
	EndGlobalSection
EndGlobal
